
Microsoft Visual Studio Solution File, Format Version 12.00
Project("{F2A71F9B-5D33-465A-A702-920D77279786}") = "WebHost", "src\WebHost\WebHost.fsproj", "{8D885698-2553-4DB5-8609-081AE165CE13}"
EndProject
Project("{F2A71F9B-5D33-465A-A702-920D77279786}") = "Infrastructure", "src\Infrastructure\Infrastructure.fsproj", "{BCBDA44B-A12E-4636-8A45-E1597576ABA6}"
EndProject
Project("{F2A71F9B-5D33-465A-A702-920D77279786}") = "UnitTests", "tests\UnitTests\UnitTests.fsproj", "{868A65DB-CFF6-4EF7-B29C-6CC8069E4569}"
EndProject
Project("{2150E333-8FDC-42A3-9474-1A3956D46DE8}") = "tests", "tests", "{8892DF9A-C3E9-4D16-88F8-D7680588D992}"
EndProject
Project("{2150E333-8FDC-42A3-9474-1A3956D46DE8}") = "src", "src", "{2D8BEAFD-62E2-4DE7-A6E0-FD35230756DD}"
EndProject
Project("{F2A71F9B-5D33-465A-A702-920D77279786}") = "IntegrationTests", "tests\IntegrationTests\IntegrationTests.fsproj", "{4908366C-B54F-479D-8A8E-A82FEB181038}"
EndProject
Project("{F2A71F9B-5D33-465A-A702-920D77279786}") = "ObjectMothers", "tests\ObjectMothers\ObjectMothers.fsproj", "{733D3465-9BA8-4085-9298-BA3090F7E207}"
EndProject
Project("{F2A71F9B-5D33-465A-A702-920D77279786}") = "Application", "src\Application\Application.fsproj", "{9CC91117-75B6-43A6-9793-A10566124351}"
EndProject
Project("{F2A71F9B-5D33-465A-A702-920D77279786}") = "Contracts", "src\Contracts\Contracts.fsproj", "{EA3AD38E-419C-48F9-A9F1-0B5F65BEB7E2}"
EndProject
Project("{F2A71F9B-5D33-465A-A702-920D77279786}") = "Domain", "src\Domain\Domain.fsproj", "{290F0C87-90B7-4FDB-A8CD-857838FE7793}"
EndProject
Global
	GlobalSection(SolutionConfigurationPlatforms) = preSolution
		Debug|Any CPU = Debug|Any CPU
		Release|Any CPU = Release|Any CPU
	EndGlobalSection
	GlobalSection(ProjectConfigurationPlatforms) = postSolution
		{8D885698-2553-4DB5-8609-081AE165CE13}.Debug|Any CPU.ActiveCfg = Debug|Any CPU
		{8D885698-2553-4DB5-8609-081AE165CE13}.Debug|Any CPU.Build.0 = Debug|Any CPU
		{8D885698-2553-4DB5-8609-081AE165CE13}.Release|Any CPU.ActiveCfg = Release|Any CPU
		{8D885698-2553-4DB5-8609-081AE165CE13}.Release|Any CPU.Build.0 = Release|Any CPU
		{BCBDA44B-A12E-4636-8A45-E1597576ABA6}.Debug|Any CPU.ActiveCfg = Debug|Any CPU
		{BCBDA44B-A12E-4636-8A45-E1597576ABA6}.Debug|Any CPU.Build.0 = Debug|Any CPU
		{BCBDA44B-A12E-4636-8A45-E1597576ABA6}.Release|Any CPU.ActiveCfg = Release|Any CPU
		{BCBDA44B-A12E-4636-8A45-E1597576ABA6}.Release|Any CPU.Build.0 = Release|Any CPU
		{868A65DB-CFF6-4EF7-B29C-6CC8069E4569}.Debug|Any CPU.ActiveCfg = Debug|Any CPU
		{868A65DB-CFF6-4EF7-B29C-6CC8069E4569}.Debug|Any CPU.Build.0 = Debug|Any CPU
		{868A65DB-CFF6-4EF7-B29C-6CC8069E4569}.Release|Any CPU.ActiveCfg = Release|Any CPU
		{868A65DB-CFF6-4EF7-B29C-6CC8069E4569}.Release|Any CPU.Build.0 = Release|Any CPU
		{4908366C-B54F-479D-8A8E-A82FEB181038}.Debug|Any CPU.ActiveCfg = Debug|Any CPU
		{4908366C-B54F-479D-8A8E-A82FEB181038}.Debug|Any CPU.Build.0 = Debug|Any CPU
		{4908366C-B54F-479D-8A8E-A82FEB181038}.Release|Any CPU.ActiveCfg = Release|Any CPU
		{4908366C-B54F-479D-8A8E-A82FEB181038}.Release|Any CPU.Build.0 = Release|Any CPU
		{733D3465-9BA8-4085-9298-BA3090F7E207}.Debug|Any CPU.ActiveCfg = Debug|Any CPU
		{733D3465-9BA8-4085-9298-BA3090F7E207}.Debug|Any CPU.Build.0 = Debug|Any CPU
		{733D3465-9BA8-4085-9298-BA3090F7E207}.Release|Any CPU.ActiveCfg = Release|Any CPU
		{733D3465-9BA8-4085-9298-BA3090F7E207}.Release|Any CPU.Build.0 = Release|Any CPU
		{9CC91117-75B6-43A6-9793-A10566124351}.Debug|Any CPU.ActiveCfg = Debug|Any CPU
		{9CC91117-75B6-43A6-9793-A10566124351}.Debug|Any CPU.Build.0 = Debug|Any CPU
		{9CC91117-75B6-43A6-9793-A10566124351}.Release|Any CPU.ActiveCfg = Release|Any CPU
		{9CC91117-75B6-43A6-9793-A10566124351}.Release|Any CPU.Build.0 = Release|Any CPU
		{EA3AD38E-419C-48F9-A9F1-0B5F65BEB7E2}.Debug|Any CPU.ActiveCfg = Debug|Any CPU
		{EA3AD38E-419C-48F9-A9F1-0B5F65BEB7E2}.Debug|Any CPU.Build.0 = Debug|Any CPU
		{EA3AD38E-419C-48F9-A9F1-0B5F65BEB7E2}.Release|Any CPU.ActiveCfg = Release|Any CPU
		{EA3AD38E-419C-48F9-A9F1-0B5F65BEB7E2}.Release|Any CPU.Build.0 = Release|Any CPU
		{290F0C87-90B7-4FDB-A8CD-857838FE7793}.Debug|Any CPU.ActiveCfg = Debug|Any CPU
		{290F0C87-90B7-4FDB-A8CD-857838FE7793}.Debug|Any CPU.Build.0 = Debug|Any CPU
		{290F0C87-90B7-4FDB-A8CD-857838FE7793}.Release|Any CPU.ActiveCfg = Release|Any CPU
		{290F0C87-90B7-4FDB-A8CD-857838FE7793}.Release|Any CPU.Build.0 = Release|Any CPU
	EndGlobalSection
	GlobalSection(NestedProjects) = preSolution
		{868A65DB-CFF6-4EF7-B29C-6CC8069E4569} = {8892DF9A-C3E9-4D16-88F8-D7680588D992}
		{BCBDA44B-A12E-4636-8A45-E1597576ABA6} = {2D8BEAFD-62E2-4DE7-A6E0-FD35230756DD}
		{8D885698-2553-4DB5-8609-081AE165CE13} = {2D8BEAFD-62E2-4DE7-A6E0-FD35230756DD}
		{4908366C-B54F-479D-8A8E-A82FEB181038} = {8892DF9A-C3E9-4D16-88F8-D7680588D992}
		{733D3465-9BA8-4085-9298-BA3090F7E207} = {8892DF9A-C3E9-4D16-88F8-D7680588D992}
		{9CC91117-75B6-43A6-9793-A10566124351} = {2D8BEAFD-62E2-4DE7-A6E0-FD35230756DD}
		{EA3AD38E-419C-48F9-A9F1-0B5F65BEB7E2} = {2D8BEAFD-62E2-4DE7-A6E0-FD35230756DD}
		{290F0C87-90B7-4FDB-A8CD-857838FE7793} = {2D8BEAFD-62E2-4DE7-A6E0-FD35230756DD}
	EndGlobalSection
EndGlobal
